// !$*UTF8*$!
{
	archiveVersion = 1;
	classes = {
	};
	objectVersion = 46;
	objects = {

/* Begin PBXBuildFile section */
		OBJ_100 /* TemplateParser.swift in Sources */ = {isa = PBXBuildFile; fileRef = OBJ_22 /* TemplateParser.swift */; };
		OBJ_101 /* File.swift in Sources */ = {isa = PBXBuildFile; fileRef = OBJ_24 /* File.swift */; };
		OBJ_102 /* Folder.swift in Sources */ = {isa = PBXBuildFile; fileRef = OBJ_25 /* Folder.swift */; };
		OBJ_103 /* TemplateProtocols.swift in Sources */ = {isa = PBXBuildFile; fileRef = OBJ_26 /* TemplateProtocols.swift */; };
		OBJ_105 /* Files.framework in Frameworks */ = {isa = PBXBuildFile; fileRef = OBJ_48 /* Files.framework */; };
		OBJ_106 /* Result.framework in Frameworks */ = {isa = PBXBuildFile; fileRef = OBJ_49 /* Result.framework */; };
		OBJ_107 /* Commandant.framework in Frameworks */ = {isa = PBXBuildFile; fileRef = OBJ_50 /* Commandant.framework */; };
		OBJ_57 /* Files.swift in Sources */ = {isa = PBXBuildFile; fileRef = OBJ_46 /* Files.swift */; };
		OBJ_64 /* Result.swift in Sources */ = {isa = PBXBuildFile; fileRef = OBJ_43 /* Result.swift */; };
		OBJ_65 /* ResultProtocol.swift in Sources */ = {isa = PBXBuildFile; fileRef = OBJ_44 /* ResultProtocol.swift */; };
		OBJ_72 /* Argument.swift in Sources */ = {isa = PBXBuildFile; fileRef = OBJ_31 /* Argument.swift */; };
		OBJ_73 /* ArgumentParser.swift in Sources */ = {isa = PBXBuildFile; fileRef = OBJ_32 /* ArgumentParser.swift */; };
		OBJ_74 /* ArgumentProtocol.swift in Sources */ = {isa = PBXBuildFile; fileRef = OBJ_33 /* ArgumentProtocol.swift */; };
		OBJ_75 /* Command.swift in Sources */ = {isa = PBXBuildFile; fileRef = OBJ_34 /* Command.swift */; };
		OBJ_76 /* Errors.swift in Sources */ = {isa = PBXBuildFile; fileRef = OBJ_35 /* Errors.swift */; };
		OBJ_77 /* Extensions.swift in Sources */ = {isa = PBXBuildFile; fileRef = OBJ_36 /* Extensions.swift */; };
		OBJ_78 /* HelpCommand.swift in Sources */ = {isa = PBXBuildFile; fileRef = OBJ_37 /* HelpCommand.swift */; };
		OBJ_79 /* LinuxSupport.swift in Sources */ = {isa = PBXBuildFile; fileRef = OBJ_38 /* LinuxSupport.swift */; };
		OBJ_80 /* Option.swift in Sources */ = {isa = PBXBuildFile; fileRef = OBJ_39 /* Option.swift */; };
		OBJ_81 /* Switch.swift in Sources */ = {isa = PBXBuildFile; fileRef = OBJ_40 /* Switch.swift */; };
		OBJ_83 /* Result.framework in Frameworks */ = {isa = PBXBuildFile; fileRef = OBJ_49 /* Result.framework */; };
		OBJ_90 /* main.swift in Sources */ = {isa = PBXBuildFile; fileRef = OBJ_9 /* main.swift */; };
		OBJ_91 /* AbstractTemplateCommand.swift in Sources */ = {isa = PBXBuildFile; fileRef = OBJ_11 /* AbstractTemplateCommand.swift */; };
		OBJ_92 /* MVCCommand.swift in Sources */ = {isa = PBXBuildFile; fileRef = OBJ_12 /* MVCCommand.swift */; };
		OBJ_93 /* MVVMCommand.swift in Sources */ = {isa = PBXBuildFile; fileRef = OBJ_13 /* MVVMCommand.swift */; };
		OBJ_94 /* TemplateCommand.swift in Sources */ = {isa = PBXBuildFile; fileRef = OBJ_14 /* TemplateCommand.swift */; };
		OBJ_95 /* ViperCommand.swift in Sources */ = {isa = PBXBuildFile; fileRef = OBJ_15 /* ViperCommand.swift */; };
		OBJ_96 /* PlaceHoldable.swift in Sources */ = {isa = PBXBuildFile; fileRef = OBJ_17 /* PlaceHoldable.swift */; };
		OBJ_97 /* PlaceHolderNameInjector.swift in Sources */ = {isa = PBXBuildFile; fileRef = OBJ_18 /* PlaceHolderNameInjector.swift */; };
		OBJ_98 /* BuildInTemplates.swift in Sources */ = {isa = PBXBuildFile; fileRef = OBJ_20 /* BuildInTemplates.swift */; };
		OBJ_99 /* TemplateGenerator.swift in Sources */ = {isa = PBXBuildFile; fileRef = OBJ_21 /* TemplateGenerator.swift */; };
/* End PBXBuildFile section */

/* Begin PBXContainerItemProxy section */
		29187E6B1EB8D62B0081D5DD /* PBXContainerItemProxy */ = {
			isa = PBXContainerItemProxy;
			containerPortal = OBJ_1 /* Project object */;
			proxyType = 1;
			remoteGlobalIDString = OBJ_52;
			remoteInfo = Files;
		};
		29187E6C1EB8D62B0081D5DD /* PBXContainerItemProxy */ = {
			isa = PBXContainerItemProxy;
			containerPortal = OBJ_1 /* Project object */;
			proxyType = 1;
			remoteGlobalIDString = OBJ_59;
			remoteInfo = Result;
		};
		29187E6D1EB8D62B0081D5DD /* PBXContainerItemProxy */ = {
			isa = PBXContainerItemProxy;
			containerPortal = OBJ_1 /* Project object */;
			proxyType = 1;
			remoteGlobalIDString = OBJ_67;
			remoteInfo = Commandant;
		};
		29187E6E1EB8D62B0081D5DD /* PBXContainerItemProxy */ = {
			isa = PBXContainerItemProxy;
			containerPortal = OBJ_1 /* Project object */;
			proxyType = 1;
			remoteGlobalIDString = OBJ_59;
			remoteInfo = Result;
		};
/* End PBXContainerItemProxy section */

/* Begin PBXFileReference section */
		OBJ_11 /* AbstractTemplateCommand.swift */ = {isa = PBXFileReference; lastKnownFileType = sourcecode.swift; path = AbstractTemplateCommand.swift; sourceTree = "<group>"; };
		OBJ_12 /* MVCCommand.swift */ = {isa = PBXFileReference; lastKnownFileType = sourcecode.swift; path = MVCCommand.swift; sourceTree = "<group>"; };
		OBJ_13 /* MVVMCommand.swift */ = {isa = PBXFileReference; lastKnownFileType = sourcecode.swift; path = MVVMCommand.swift; sourceTree = "<group>"; };
		OBJ_14 /* TemplateCommand.swift */ = {isa = PBXFileReference; lastKnownFileType = sourcecode.swift; path = TemplateCommand.swift; sourceTree = "<group>"; };
		OBJ_15 /* ViperCommand.swift */ = {isa = PBXFileReference; lastKnownFileType = sourcecode.swift; path = ViperCommand.swift; sourceTree = "<group>"; };
		OBJ_17 /* PlaceHoldable.swift */ = {isa = PBXFileReference; lastKnownFileType = sourcecode.swift; path = PlaceHoldable.swift; sourceTree = "<group>"; };
		OBJ_18 /* PlaceHolderNameInjector.swift */ = {isa = PBXFileReference; lastKnownFileType = sourcecode.swift; path = PlaceHolderNameInjector.swift; sourceTree = "<group>"; };
		OBJ_20 /* BuildInTemplates.swift */ = {isa = PBXFileReference; lastKnownFileType = sourcecode.swift; path = BuildInTemplates.swift; sourceTree = "<group>"; };
		OBJ_21 /* TemplateGenerator.swift */ = {isa = PBXFileReference; lastKnownFileType = sourcecode.swift; path = TemplateGenerator.swift; sourceTree = "<group>"; };
		OBJ_22 /* TemplateParser.swift */ = {isa = PBXFileReference; lastKnownFileType = sourcecode.swift; path = TemplateParser.swift; sourceTree = "<group>"; };
		OBJ_24 /* File.swift */ = {isa = PBXFileReference; lastKnownFileType = sourcecode.swift; path = File.swift; sourceTree = "<group>"; };
		OBJ_25 /* Folder.swift */ = {isa = PBXFileReference; lastKnownFileType = sourcecode.swift; path = Folder.swift; sourceTree = "<group>"; };
		OBJ_26 /* TemplateProtocols.swift */ = {isa = PBXFileReference; lastKnownFileType = sourcecode.swift; path = TemplateProtocols.swift; sourceTree = "<group>"; };
		OBJ_31 /* Argument.swift */ = {isa = PBXFileReference; lastKnownFileType = sourcecode.swift; path = Argument.swift; sourceTree = "<group>"; };
		OBJ_32 /* ArgumentParser.swift */ = {isa = PBXFileReference; lastKnownFileType = sourcecode.swift; path = ArgumentParser.swift; sourceTree = "<group>"; };
		OBJ_33 /* ArgumentProtocol.swift */ = {isa = PBXFileReference; lastKnownFileType = sourcecode.swift; path = ArgumentProtocol.swift; sourceTree = "<group>"; };
		OBJ_34 /* Command.swift */ = {isa = PBXFileReference; lastKnownFileType = sourcecode.swift; path = Command.swift; sourceTree = "<group>"; };
		OBJ_35 /* Errors.swift */ = {isa = PBXFileReference; lastKnownFileType = sourcecode.swift; path = Errors.swift; sourceTree = "<group>"; };
		OBJ_36 /* Extensions.swift */ = {isa = PBXFileReference; lastKnownFileType = sourcecode.swift; path = Extensions.swift; sourceTree = "<group>"; };
		OBJ_37 /* HelpCommand.swift */ = {isa = PBXFileReference; lastKnownFileType = sourcecode.swift; path = HelpCommand.swift; sourceTree = "<group>"; };
		OBJ_38 /* LinuxSupport.swift */ = {isa = PBXFileReference; lastKnownFileType = sourcecode.swift; path = LinuxSupport.swift; sourceTree = "<group>"; };
		OBJ_39 /* Option.swift */ = {isa = PBXFileReference; lastKnownFileType = sourcecode.swift; path = Option.swift; sourceTree = "<group>"; };
		OBJ_40 /* Switch.swift */ = {isa = PBXFileReference; lastKnownFileType = sourcecode.swift; path = Switch.swift; sourceTree = "<group>"; };
		OBJ_43 /* Result.swift */ = {isa = PBXFileReference; lastKnownFileType = sourcecode.swift; path = Result.swift; sourceTree = "<group>"; };
		OBJ_44 /* ResultProtocol.swift */ = {isa = PBXFileReference; lastKnownFileType = sourcecode.swift; path = ResultProtocol.swift; sourceTree = "<group>"; };
		OBJ_46 /* Files.swift */ = {isa = PBXFileReference; lastKnownFileType = sourcecode.swift; path = Files.swift; sourceTree = "<group>"; };
		OBJ_48 /* Files.framework */ = {isa = PBXFileReference; explicitFileType = wrapper.framework; path = Files.framework; sourceTree = BUILT_PRODUCTS_DIR; };
		OBJ_49 /* Result.framework */ = {isa = PBXFileReference; explicitFileType = wrapper.framework; path = Result.framework; sourceTree = BUILT_PRODUCTS_DIR; };
		OBJ_50 /* Commandant.framework */ = {isa = PBXFileReference; explicitFileType = wrapper.framework; path = Commandant.framework; sourceTree = BUILT_PRODUCTS_DIR; };
		OBJ_51 /* Blaupause */ = {isa = PBXFileReference; lastKnownFileType = text; path = Blaupause; sourceTree = BUILT_PRODUCTS_DIR; };
		OBJ_6 /* Package.swift */ = {isa = PBXFileReference; explicitFileType = sourcecode.swift; path = Package.swift; sourceTree = "<group>"; };
		OBJ_9 /* main.swift */ = {isa = PBXFileReference; lastKnownFileType = sourcecode.swift; path = main.swift; sourceTree = "<group>"; };
/* End PBXFileReference section */

/* Begin PBXFrameworksBuildPhase section */
		OBJ_104 /* Frameworks */ = {
			isa = PBXFrameworksBuildPhase;
			buildActionMask = 0;
			files = (
				OBJ_105 /* Files.framework in Frameworks */,
				OBJ_106 /* Result.framework in Frameworks */,
				OBJ_107 /* Commandant.framework in Frameworks */,
			);
			runOnlyForDeploymentPostprocessing = 0;
		};
		OBJ_58 /* Frameworks */ = {
			isa = PBXFrameworksBuildPhase;
			buildActionMask = 0;
			files = (
			);
			runOnlyForDeploymentPostprocessing = 0;
		};
		OBJ_66 /* Frameworks */ = {
			isa = PBXFrameworksBuildPhase;
			buildActionMask = 0;
			files = (
			);
			runOnlyForDeploymentPostprocessing = 0;
		};
		OBJ_82 /* Frameworks */ = {
			isa = PBXFrameworksBuildPhase;
			buildActionMask = 0;
			files = (
				OBJ_83 /* Result.framework in Frameworks */,
			);
			runOnlyForDeploymentPostprocessing = 0;
		};
/* End PBXFrameworksBuildPhase section */

/* Begin PBXGroup section */
		OBJ_10 /* Commands */ = {
			isa = PBXGroup;
			children = (
				OBJ_11 /* AbstractTemplateCommand.swift */,
				OBJ_12 /* MVCCommand.swift */,
				OBJ_13 /* MVVMCommand.swift */,
				OBJ_14 /* TemplateCommand.swift */,
				OBJ_15 /* ViperCommand.swift */,
			);
			path = Commands;
			sourceTree = "<group>";
		};
		OBJ_16 /* PlaceHolder */ = {
			isa = PBXGroup;
			children = (
				OBJ_17 /* PlaceHoldable.swift */,
				OBJ_18 /* PlaceHolderNameInjector.swift */,
			);
			path = PlaceHolder;
			sourceTree = "<group>";
		};
		OBJ_19 /* Templates */ = {
			isa = PBXGroup;
			children = (
				OBJ_20 /* BuildInTemplates.swift */,
				OBJ_21 /* TemplateGenerator.swift */,
				OBJ_22 /* TemplateParser.swift */,
				OBJ_23 /* Types */,
			);
			path = Templates;
			sourceTree = "<group>";
		};
		OBJ_23 /* Types */ = {
			isa = PBXGroup;
			children = (
				OBJ_24 /* File.swift */,
				OBJ_25 /* Folder.swift */,
				OBJ_26 /* TemplateProtocols.swift */,
			);
			path = Types;
			sourceTree = "<group>";
		};
		OBJ_27 /* Tests */ = {
			isa = PBXGroup;
			children = (
			);
			name = Tests;
			sourceTree = SOURCE_ROOT;
		};
		OBJ_28 /* Dependencies */ = {
			isa = PBXGroup;
			children = (
				OBJ_29 /* Commandant 0.12.0 */,
				OBJ_41 /* Result 3.2.1 */,
				OBJ_45 /* Files 1.6.2 */,
			);
			name = Dependencies;
			sourceTree = "<group>";
		};
		OBJ_29 /* Commandant 0.12.0 */ = {
			isa = PBXGroup;
			children = (
				OBJ_30 /* Commandant */,
			);
			name = "Commandant 0.12.0";
			sourceTree = SOURCE_ROOT;
		};
		OBJ_30 /* Commandant */ = {
			isa = PBXGroup;
			children = (
				OBJ_31 /* Argument.swift */,
				OBJ_32 /* ArgumentParser.swift */,
				OBJ_33 /* ArgumentProtocol.swift */,
				OBJ_34 /* Command.swift */,
				OBJ_35 /* Errors.swift */,
				OBJ_36 /* Extensions.swift */,
				OBJ_37 /* HelpCommand.swift */,
				OBJ_38 /* LinuxSupport.swift */,
				OBJ_39 /* Option.swift */,
				OBJ_40 /* Switch.swift */,
			);
			name = Commandant;
			path = ".build/checkouts/Commandant.git-3062511658102057207/Sources/Commandant";
			sourceTree = SOURCE_ROOT;
		};
		OBJ_41 /* Result 3.2.1 */ = {
			isa = PBXGroup;
			children = (
				OBJ_42 /* Result */,
			);
			name = "Result 3.2.1";
			sourceTree = SOURCE_ROOT;
		};
		OBJ_42 /* Result */ = {
			isa = PBXGroup;
			children = (
				OBJ_43 /* Result.swift */,
				OBJ_44 /* ResultProtocol.swift */,
			);
			name = Result;
			path = ".build/checkouts/Result.git-8684547452332391156/Result";
			sourceTree = SOURCE_ROOT;
		};
		OBJ_45 /* Files 1.6.2 */ = {
			isa = PBXGroup;
			children = (
				OBJ_46 /* Files.swift */,
			);
			name = "Files 1.6.2";
			path = ".build/checkouts/Files.git-6739420172119258925/Sources";
			sourceTree = SOURCE_ROOT;
		};
		OBJ_47 /* Products */ = {
			isa = PBXGroup;
			children = (
				OBJ_48 /* Files.framework */,
				OBJ_49 /* Result.framework */,
				OBJ_50 /* Commandant.framework */,
				OBJ_51 /* Blaupause */,
			);
			name = Products;
			sourceTree = BUILT_PRODUCTS_DIR;
		};
		OBJ_5 /*  */ = {
			isa = PBXGroup;
			children = (
				OBJ_6 /* Package.swift */,
				OBJ_7 /* Sources */,
				OBJ_27 /* Tests */,
				OBJ_28 /* Dependencies */,
				OBJ_47 /* Products */,
			);
			name = "";
			sourceTree = "<group>";
		};
		OBJ_7 /* Sources */ = {
			isa = PBXGroup;
			children = (
				OBJ_8 /* Blaupause */,
			);
			name = Sources;
			sourceTree = SOURCE_ROOT;
		};
		OBJ_8 /* Blaupause */ = {
			isa = PBXGroup;
			children = (
				OBJ_9 /* main.swift */,
				OBJ_10 /* Commands */,
				OBJ_16 /* PlaceHolder */,
				OBJ_19 /* Templates */,
			);
			name = Blaupause;
			path = Sources/Blaupause;
			sourceTree = SOURCE_ROOT;
		};
/* End PBXGroup section */

/* Begin PBXNativeTarget section */
		OBJ_52 /* Files */ = {
			isa = PBXNativeTarget;
			buildConfigurationList = OBJ_53 /* Build configuration list for PBXNativeTarget "Files" */;
			buildPhases = (
				OBJ_56 /* Sources */,
				OBJ_58 /* Frameworks */,
			);
			buildRules = (
			);
			dependencies = (
			);
			name = Files;
			productName = Files;
			productReference = OBJ_48 /* Files.framework */;
			productType = "com.apple.product-type.framework";
		};
		OBJ_59 /* Result */ = {
			isa = PBXNativeTarget;
			buildConfigurationList = OBJ_60 /* Build configuration list for PBXNativeTarget "Result" */;
			buildPhases = (
				OBJ_63 /* Sources */,
				OBJ_66 /* Frameworks */,
			);
			buildRules = (
			);
			dependencies = (
			);
			name = Result;
			productName = Result;
			productReference = OBJ_49 /* Result.framework */;
			productType = "com.apple.product-type.framework";
		};
		OBJ_67 /* Commandant */ = {
			isa = PBXNativeTarget;
			buildConfigurationList = OBJ_68 /* Build configuration list for PBXNativeTarget "Commandant" */;
			buildPhases = (
				OBJ_71 /* Sources */,
				OBJ_82 /* Frameworks */,
			);
			buildRules = (
			);
			dependencies = (
				OBJ_84 /* PBXTargetDependency */,
			);
			name = Commandant;
			productName = Commandant;
			productReference = OBJ_50 /* Commandant.framework */;
			productType = "com.apple.product-type.framework";
		};
		OBJ_85 /* Blaupause */ = {
			isa = PBXNativeTarget;
			buildConfigurationList = OBJ_86 /* Build configuration list for PBXNativeTarget "Blaupause" */;
			buildPhases = (
				OBJ_89 /* Sources */,
				OBJ_104 /* Frameworks */,
			);
			buildRules = (
			);
			dependencies = (
				OBJ_108 /* PBXTargetDependency */,
				OBJ_109 /* PBXTargetDependency */,
				OBJ_110 /* PBXTargetDependency */,
			);
			name = Blaupause;
			productName = Blaupause;
			productReference = OBJ_51 /* Blaupause */;
			productType = "com.apple.product-type.tool";
		};
/* End PBXNativeTarget section */

/* Begin PBXProject section */
		OBJ_1 /* Project object */ = {
			isa = PBXProject;
			attributes = {
				LastUpgradeCheck = 9999;
			};
			buildConfigurationList = OBJ_2 /* Build configuration list for PBXProject "Blaupause" */;
			compatibilityVersion = "Xcode 3.2";
			developmentRegion = English;
			hasScannedForEncodings = 0;
			knownRegions = (
				en,
			);
			mainGroup = OBJ_5 /*  */;
			productRefGroup = OBJ_47 /* Products */;
			projectDirPath = "";
			projectRoot = "";
			targets = (
				OBJ_52 /* Files */,
				OBJ_59 /* Result */,
				OBJ_67 /* Commandant */,
				OBJ_85 /* Blaupause */,
			);
		};
/* End PBXProject section */

/* Begin PBXSourcesBuildPhase section */
		OBJ_56 /* Sources */ = {
			isa = PBXSourcesBuildPhase;
			buildActionMask = 0;
			files = (
				OBJ_57 /* Files.swift in Sources */,
			);
			runOnlyForDeploymentPostprocessing = 0;
		};
		OBJ_63 /* Sources */ = {
			isa = PBXSourcesBuildPhase;
			buildActionMask = 0;
			files = (
				OBJ_64 /* Result.swift in Sources */,
				OBJ_65 /* ResultProtocol.swift in Sources */,
			);
			runOnlyForDeploymentPostprocessing = 0;
		};
		OBJ_71 /* Sources */ = {
			isa = PBXSourcesBuildPhase;
			buildActionMask = 0;
			files = (
				OBJ_72 /* Argument.swift in Sources */,
				OBJ_73 /* ArgumentParser.swift in Sources */,
				OBJ_74 /* ArgumentProtocol.swift in Sources */,
				OBJ_75 /* Command.swift in Sources */,
				OBJ_76 /* Errors.swift in Sources */,
				OBJ_77 /* Extensions.swift in Sources */,
				OBJ_78 /* HelpCommand.swift in Sources */,
				OBJ_79 /* LinuxSupport.swift in Sources */,
				OBJ_80 /* Option.swift in Sources */,
				OBJ_81 /* Switch.swift in Sources */,
			);
			runOnlyForDeploymentPostprocessing = 0;
		};
		OBJ_89 /* Sources */ = {
			isa = PBXSourcesBuildPhase;
			buildActionMask = 0;
			files = (
				OBJ_90 /* main.swift in Sources */,
				OBJ_91 /* AbstractTemplateCommand.swift in Sources */,
				OBJ_92 /* MVCCommand.swift in Sources */,
				OBJ_93 /* MVVMCommand.swift in Sources */,
				OBJ_94 /* TemplateCommand.swift in Sources */,
				OBJ_95 /* ViperCommand.swift in Sources */,
				OBJ_96 /* PlaceHoldable.swift in Sources */,
				OBJ_97 /* PlaceHolderNameInjector.swift in Sources */,
				OBJ_98 /* BuildInTemplates.swift in Sources */,
				OBJ_99 /* TemplateGenerator.swift in Sources */,
				OBJ_100 /* TemplateParser.swift in Sources */,
				OBJ_101 /* File.swift in Sources */,
				OBJ_102 /* Folder.swift in Sources */,
				OBJ_103 /* TemplateProtocols.swift in Sources */,
			);
			runOnlyForDeploymentPostprocessing = 0;
		};
/* End PBXSourcesBuildPhase section */

/* Begin PBXTargetDependency section */
		OBJ_108 /* PBXTargetDependency */ = {
			isa = PBXTargetDependency;
			target = OBJ_52 /* Files */;
			targetProxy = 29187E6B1EB8D62B0081D5DD /* PBXContainerItemProxy */;
		};
		OBJ_109 /* PBXTargetDependency */ = {
			isa = PBXTargetDependency;
			target = OBJ_59 /* Result */;
			targetProxy = 29187E6C1EB8D62B0081D5DD /* PBXContainerItemProxy */;
		};
		OBJ_110 /* PBXTargetDependency */ = {
			isa = PBXTargetDependency;
			target = OBJ_67 /* Commandant */;
			targetProxy = 29187E6D1EB8D62B0081D5DD /* PBXContainerItemProxy */;
		};
		OBJ_84 /* PBXTargetDependency */ = {
			isa = PBXTargetDependency;
			target = OBJ_59 /* Result */;
			targetProxy = 29187E6E1EB8D62B0081D5DD /* PBXContainerItemProxy */;
		};
/* End PBXTargetDependency section */

/* Begin XCBuildConfiguration section */
		OBJ_3 /* Debug */ = {
			isa = XCBuildConfiguration;
			buildSettings = {
				CLANG_ENABLE_OBJC_ARC = YES;
				COMBINE_HIDPI_IMAGES = YES;
				COPY_PHASE_STRIP = NO;
				DEBUG_INFORMATION_FORMAT = dwarf;
				DYLIB_INSTALL_NAME_BASE = "@rpath";
				ENABLE_NS_ASSERTIONS = YES;
				GCC_OPTIMIZATION_LEVEL = 0;
				MACOSX_DEPLOYMENT_TARGET = 10.10;
				ONLY_ACTIVE_ARCH = YES;
				OTHER_SWIFT_FLAGS = "-DXcode";
				PRODUCT_NAME = "$(TARGET_NAME)";
				SDKROOT = macosx;
				SUPPORTED_PLATFORMS = "macosx iphoneos iphonesimulator appletvos appletvsimulator watchos watchsimulator";
				SWIFT_ACTIVE_COMPILATION_CONDITIONS = SWIFT_PACKAGE;
				SWIFT_OPTIMIZATION_LEVEL = "-Onone";
				SWIFT_VERSION = 3.0;
				USE_HEADERMAP = NO;
			};
			name = Debug;
		};
		OBJ_4 /* Release */ = {
			isa = XCBuildConfiguration;
			buildSettings = {
				CLANG_ENABLE_OBJC_ARC = YES;
				COMBINE_HIDPI_IMAGES = YES;
				COPY_PHASE_STRIP = YES;
				DEBUG_INFORMATION_FORMAT = "dwarf-with-dsym";
				DYLIB_INSTALL_NAME_BASE = "@rpath";
				GCC_OPTIMIZATION_LEVEL = s;
				MACOSX_DEPLOYMENT_TARGET = 10.10;
				OTHER_SWIFT_FLAGS = "-DXcode";
				PRODUCT_NAME = "$(TARGET_NAME)";
				SDKROOT = macosx;
				SUPPORTED_PLATFORMS = "macosx iphoneos iphonesimulator appletvos appletvsimulator watchos watchsimulator";
				SWIFT_ACTIVE_COMPILATION_CONDITIONS = SWIFT_PACKAGE;
				SWIFT_OPTIMIZATION_LEVEL = "-Owholemodule";
				SWIFT_VERSION = 3.0;
				USE_HEADERMAP = NO;
			};
			name = Release;
		};
		OBJ_54 /* Debug */ = {
			isa = XCBuildConfiguration;
			buildSettings = {
				ENABLE_TESTABILITY = YES;
				FRAMEWORK_SEARCH_PATHS = (
					"$(inherited)",
					"$(PLATFORM_DIR)/Developer/Library/Frameworks",
				);
				HEADER_SEARCH_PATHS = "$(inherited)";
				INFOPLIST_FILE = Blaupause.xcodeproj/Files_Info.plist;
				LD_RUNPATH_SEARCH_PATHS = "$(TOOLCHAIN_DIR)/usr/lib/swift/macosx";
				OTHER_LDFLAGS = "$(inherited)";
				OTHER_SWIFT_FLAGS = "$(inherited)";
				PRODUCT_BUNDLE_IDENTIFIER = Files;
				PRODUCT_MODULE_NAME = "$(TARGET_NAME:c99extidentifier)";
				PRODUCT_NAME = "$(TARGET_NAME:c99extidentifier)";
				SKIP_INSTALL = YES;
				TARGET_NAME = Files;
			};
			name = Debug;
		};
		OBJ_55 /* Release */ = {
			isa = XCBuildConfiguration;
			buildSettings = {
				ENABLE_TESTABILITY = YES;
				FRAMEWORK_SEARCH_PATHS = (
					"$(inherited)",
					"$(PLATFORM_DIR)/Developer/Library/Frameworks",
				);
				HEADER_SEARCH_PATHS = "$(inherited)";
				INFOPLIST_FILE = Blaupause.xcodeproj/Files_Info.plist;
				LD_RUNPATH_SEARCH_PATHS = "$(TOOLCHAIN_DIR)/usr/lib/swift/macosx";
				OTHER_LDFLAGS = "$(inherited)";
				OTHER_SWIFT_FLAGS = "$(inherited)";
				PRODUCT_BUNDLE_IDENTIFIER = Files;
				PRODUCT_MODULE_NAME = "$(TARGET_NAME:c99extidentifier)";
				PRODUCT_NAME = "$(TARGET_NAME:c99extidentifier)";
				SKIP_INSTALL = YES;
				TARGET_NAME = Files;
			};
			name = Release;
		};
		OBJ_61 /* Debug */ = {
			isa = XCBuildConfiguration;
			buildSettings = {
				ENABLE_TESTABILITY = YES;
				FRAMEWORK_SEARCH_PATHS = (
					"$(inherited)",
					"$(PLATFORM_DIR)/Developer/Library/Frameworks",
				);
				HEADER_SEARCH_PATHS = "$(inherited)";
				INFOPLIST_FILE = Blaupause.xcodeproj/Result_Info.plist;
				LD_RUNPATH_SEARCH_PATHS = "$(TOOLCHAIN_DIR)/usr/lib/swift/macosx";
				OTHER_LDFLAGS = "$(inherited)";
				OTHER_SWIFT_FLAGS = "$(inherited)";
				PRODUCT_BUNDLE_IDENTIFIER = Result;
				PRODUCT_MODULE_NAME = "$(TARGET_NAME:c99extidentifier)";
				PRODUCT_NAME = "$(TARGET_NAME:c99extidentifier)";
				SKIP_INSTALL = YES;
				TARGET_NAME = Result;
			};
			name = Debug;
		};
		OBJ_62 /* Release */ = {
			isa = XCBuildConfiguration;
			buildSettings = {
				ENABLE_TESTABILITY = YES;
				FRAMEWORK_SEARCH_PATHS = (
					"$(inherited)",
					"$(PLATFORM_DIR)/Developer/Library/Frameworks",
				);
				HEADER_SEARCH_PATHS = "$(inherited)";
				INFOPLIST_FILE = Blaupause.xcodeproj/Result_Info.plist;
				LD_RUNPATH_SEARCH_PATHS = "$(TOOLCHAIN_DIR)/usr/lib/swift/macosx";
				OTHER_LDFLAGS = "$(inherited)";
				OTHER_SWIFT_FLAGS = "$(inherited)";
				PRODUCT_BUNDLE_IDENTIFIER = Result;
				PRODUCT_MODULE_NAME = "$(TARGET_NAME:c99extidentifier)";
				PRODUCT_NAME = "$(TARGET_NAME:c99extidentifier)";
				SKIP_INSTALL = YES;
				TARGET_NAME = Result;
			};
			name = Release;
		};
		OBJ_69 /* Debug */ = {
			isa = XCBuildConfiguration;
			buildSettings = {
				ENABLE_TESTABILITY = YES;
				FRAMEWORK_SEARCH_PATHS = (
					"$(inherited)",
					"$(PLATFORM_DIR)/Developer/Library/Frameworks",
				);
				HEADER_SEARCH_PATHS = "$(inherited)";
				INFOPLIST_FILE = Blaupause.xcodeproj/Commandant_Info.plist;
				LD_RUNPATH_SEARCH_PATHS = "$(TOOLCHAIN_DIR)/usr/lib/swift/macosx";
				OTHER_LDFLAGS = "$(inherited)";
				OTHER_SWIFT_FLAGS = "$(inherited)";
				PRODUCT_BUNDLE_IDENTIFIER = Commandant;
				PRODUCT_MODULE_NAME = "$(TARGET_NAME:c99extidentifier)";
				PRODUCT_NAME = "$(TARGET_NAME:c99extidentifier)";
				SKIP_INSTALL = YES;
				TARGET_NAME = Commandant;
			};
			name = Debug;
		};
		OBJ_70 /* Release */ = {
			isa = XCBuildConfiguration;
			buildSettings = {
				ENABLE_TESTABILITY = YES;
				FRAMEWORK_SEARCH_PATHS = (
					"$(inherited)",
					"$(PLATFORM_DIR)/Developer/Library/Frameworks",
				);
				HEADER_SEARCH_PATHS = "$(inherited)";
				INFOPLIST_FILE = Blaupause.xcodeproj/Commandant_Info.plist;
				LD_RUNPATH_SEARCH_PATHS = "$(TOOLCHAIN_DIR)/usr/lib/swift/macosx";
				OTHER_LDFLAGS = "$(inherited)";
				OTHER_SWIFT_FLAGS = "$(inherited)";
				PRODUCT_BUNDLE_IDENTIFIER = Commandant;
				PRODUCT_MODULE_NAME = "$(TARGET_NAME:c99extidentifier)";
				PRODUCT_NAME = "$(TARGET_NAME:c99extidentifier)";
				SKIP_INSTALL = YES;
				TARGET_NAME = Commandant;
			};
			name = Release;
		};
		OBJ_87 /* Debug */ = {
			isa = XCBuildConfiguration;
			buildSettings = {
				FRAMEWORK_SEARCH_PATHS = (
					"$(inherited)",
					"$(PLATFORM_DIR)/Developer/Library/Frameworks",
				);
				HEADER_SEARCH_PATHS = "$(inherited)";
				INFOPLIST_FILE = Blaupause.xcodeproj/Blaupause_Info.plist;
				LD_RUNPATH_SEARCH_PATHS = "$(TOOLCHAIN_DIR)/usr/lib/swift/macosx @executable_path";
				OTHER_LDFLAGS = "$(inherited)";
				OTHER_SWIFT_FLAGS = "$(inherited)";
				SWIFT_FORCE_DYNAMIC_LINK_STDLIB = YES;
				SWIFT_FORCE_STATIC_LINK_STDLIB = NO;
				TARGET_NAME = Blaupause;
			};
			name = Debug;
		};
		OBJ_88 /* Release */ = {
			isa = XCBuildConfiguration;
			buildSettings = {
				FRAMEWORK_SEARCH_PATHS = (
					"$(inherited)",
					"$(PLATFORM_DIR)/Developer/Library/Frameworks",
				);
				HEADER_SEARCH_PATHS = "$(inherited)";
				INFOPLIST_FILE = Blaupause.xcodeproj/Blaupause_Info.plist;
				LD_RUNPATH_SEARCH_PATHS = "$(TOOLCHAIN_DIR)/usr/lib/swift/macosx @executable_path";
				OTHER_LDFLAGS = "$(inherited)";
				OTHER_SWIFT_FLAGS = "$(inherited)";
				SWIFT_FORCE_DYNAMIC_LINK_STDLIB = YES;
				SWIFT_FORCE_STATIC_LINK_STDLIB = NO;
				TARGET_NAME = Blaupause;
			};
			name = Release;
		};
/* End XCBuildConfiguration section */

/* Begin XCConfigurationList section */
		OBJ_2 /* Build configuration list for PBXProject "Blaupause" */ = {
			isa = XCConfigurationList;
			buildConfigurations = (
				OBJ_3 /* Debug */,
				OBJ_4 /* Release */,
			);
			defaultConfigurationIsVisible = 0;
			defaultConfigurationName = Debug;
		};
		OBJ_53 /* Build configuration list for PBXNativeTarget "Files" */ = {
			isa = XCConfigurationList;
			buildConfigurations = (
				OBJ_54 /* Debug */,
				OBJ_55 /* Release */,
			);
			defaultConfigurationIsVisible = 0;
			defaultConfigurationName = Debug;
		};
		OBJ_60 /* Build configuration list for PBXNativeTarget "Result" */ = {
			isa = XCConfigurationList;
			buildConfigurations = (
				OBJ_61 /* Debug */,
				OBJ_62 /* Release */,
			);
			defaultConfigurationIsVisible = 0;
			defaultConfigurationName = Debug;
		};
		OBJ_68 /* Build configuration list for PBXNativeTarget "Commandant" */ = {
			isa = XCConfigurationList;
			buildConfigurations = (
				OBJ_69 /* Debug */,
				OBJ_70 /* Release */,
			);
			defaultConfigurationIsVisible = 0;
			defaultConfigurationName = Debug;
		};
		OBJ_86 /* Build configuration list for PBXNativeTarget "Blaupause" */ = {
			isa = XCConfigurationList;
			buildConfigurations = (
				OBJ_87 /* Debug */,
				OBJ_88 /* Release */,
			);
			defaultConfigurationIsVisible = 0;
			defaultConfigurationName = Debug;
		};
/* End XCConfigurationList section */
	};
	rootObject = OBJ_1 /* Project object */;
}
